// !$*UTF8*$!
{
	archiveVersion = 1;
	classes = {
	};
	objectVersion = 46;
	objects = {

/* Begin PBXBuildFile section */
		41E15DA8B4880DC8F2B42888 /* Pods_Subtle.framework in Frameworks */ = {isa = PBXBuildFile; fileRef = A038DE9E7C573831D6516F93 /* Pods_Subtle.framework */; };
		4D869A5F1C629631002ACFBE /* AppDelegate.swift in Sources */ = {isa = PBXBuildFile; fileRef = 4D869A5E1C629631002ACFBE /* AppDelegate.swift */; };
		4D869A611C629631002ACFBE /* Assets.xcassets in Resources */ = {isa = PBXBuildFile; fileRef = 4D869A601C629631002ACFBE /* Assets.xcassets */; };
		4D869A641C629631002ACFBE /* MainMenu.xib in Resources */ = {isa = PBXBuildFile; fileRef = 4D869A621C629631002ACFBE /* MainMenu.xib */; };
		4D869A6D1C629953002ACFBE /* MasterViewController.swift in Sources */ = {isa = PBXBuildFile; fileRef = 4D869A6B1C629953002ACFBE /* MasterViewController.swift */; };
		4D869A6E1C629953002ACFBE /* MasterViewController.xib in Resources */ = {isa = PBXBuildFile; fileRef = 4D869A6C1C629953002ACFBE /* MasterViewController.xib */; };
		4D869A731C629DF5002ACFBE /* Subtitle.swift in Sources */ = {isa = PBXBuildFile; fileRef = 4D869A721C629DF5002ACFBE /* Subtitle.swift */; };
		4D869A751C62A57B002ACFBE /* MovieDraggable.swift in Sources */ = {isa = PBXBuildFile; fileRef = 4D869A741C62A57B002ACFBE /* MovieDraggable.swift */; };
/* End PBXBuildFile section */

/* Begin PBXFileReference section */
		4D869A5B1C629631002ACFBE /* Subtle.app */ = {isa = PBXFileReference; explicitFileType = wrapper.application; includeInIndex = 0; path = Subtle.app; sourceTree = BUILT_PRODUCTS_DIR; };
		4D869A5E1C629631002ACFBE /* AppDelegate.swift */ = {isa = PBXFileReference; lastKnownFileType = sourcecode.swift; path = AppDelegate.swift; sourceTree = "<group>"; };
		4D869A601C629631002ACFBE /* Assets.xcassets */ = {isa = PBXFileReference; lastKnownFileType = folder.assetcatalog; path = Assets.xcassets; sourceTree = "<group>"; };
		4D869A631C629631002ACFBE /* Base */ = {isa = PBXFileReference; lastKnownFileType = file.xib; name = Base; path = Base.lproj/MainMenu.xib; sourceTree = "<group>"; };
		4D869A651C629631002ACFBE /* Info.plist */ = {isa = PBXFileReference; lastKnownFileType = text.plist.xml; path = Info.plist; sourceTree = "<group>"; };
		4D869A6B1C629953002ACFBE /* MasterViewController.swift */ = {isa = PBXFileReference; fileEncoding = 4; lastKnownFileType = sourcecode.swift; path = MasterViewController.swift; sourceTree = "<group>"; };
		4D869A6C1C629953002ACFBE /* MasterViewController.xib */ = {isa = PBXFileReference; fileEncoding = 4; lastKnownFileType = file.xib; path = MasterViewController.xib; sourceTree = "<group>"; };
		4D869A721C629DF5002ACFBE /* Subtitle.swift */ = {isa = PBXFileReference; fileEncoding = 4; lastKnownFileType = sourcecode.swift; path = Subtitle.swift; sourceTree = "<group>"; };
		4D869A741C62A57B002ACFBE /* MovieDraggable.swift */ = {isa = PBXFileReference; fileEncoding = 4; lastKnownFileType = sourcecode.swift; path = MovieDraggable.swift; sourceTree = "<group>"; };
		68EEADF95286D34C394800BF /* Pods-Subtle.debug.xcconfig */ = {isa = PBXFileReference; includeInIndex = 1; lastKnownFileType = text.xcconfig; name = "Pods-Subtle.debug.xcconfig"; path = "Pods/Target Support Files/Pods-Subtle/Pods-Subtle.debug.xcconfig"; sourceTree = "<group>"; };
		A038DE9E7C573831D6516F93 /* Pods_Subtle.framework */ = {isa = PBXFileReference; explicitFileType = wrapper.framework; includeInIndex = 0; path = Pods_Subtle.framework; sourceTree = BUILT_PRODUCTS_DIR; };
		DC221EA3B77A05056D6FF04B /* Pods-Subtle.release.xcconfig */ = {isa = PBXFileReference; includeInIndex = 1; lastKnownFileType = text.xcconfig; name = "Pods-Subtle.release.xcconfig"; path = "Pods/Target Support Files/Pods-Subtle/Pods-Subtle.release.xcconfig"; sourceTree = "<group>"; };
/* End PBXFileReference section */

/* Begin PBXFrameworksBuildPhase section */
		4D869A581C629631002ACFBE /* Frameworks */ = {
			isa = PBXFrameworksBuildPhase;
			buildActionMask = 2147483647;
			files = (
				41E15DA8B4880DC8F2B42888 /* Pods_Subtle.framework in Frameworks */,
			);
			runOnlyForDeploymentPostprocessing = 0;
		};
/* End PBXFrameworksBuildPhase section */

/* Begin PBXGroup section */
		4D869A521C629631002ACFBE = {
			isa = PBXGroup;
			children = (
				4D869A5D1C629631002ACFBE /* Subtle */,
				4D869A5C1C629631002ACFBE /* Products */,
				54938BBDDD6C56D394437C7E /* Pods */,
				983AFB118EA047DA304B7C89 /* Frameworks */,
			);
			sourceTree = "<group>";
		};
		4D869A5C1C629631002ACFBE /* Products */ = {
			isa = PBXGroup;
			children = (
				4D869A5B1C629631002ACFBE /* Subtle.app */,
			);
			name = Products;
			sourceTree = "<group>";
		};
		4D869A5D1C629631002ACFBE /* Subtle */ = {
			isa = PBXGroup;
			children = (
				4D869A711C629DE3002ACFBE /* Model */,
				4D869A701C629ABA002ACFBE /* UI */,
				4D869A601C629631002ACFBE /* Assets.xcassets */,
				4D869A651C629631002ACFBE /* Info.plist */,
			);
			path = Subtle;
			sourceTree = "<group>";
		};
		4D869A701C629ABA002ACFBE /* UI */ = {
			isa = PBXGroup;
			children = (
				4D869A5E1C629631002ACFBE /* AppDelegate.swift */,
				4D869A621C629631002ACFBE /* MainMenu.xib */,
				4D869A6B1C629953002ACFBE /* MasterViewController.swift */,
				4D869A6C1C629953002ACFBE /* MasterViewController.xib */,
				4D869A741C62A57B002ACFBE /* MovieDraggable.swift */,
			);
			name = UI;
			sourceTree = "<group>";
		};
		4D869A711C629DE3002ACFBE /* Model */ = {
			isa = PBXGroup;
			children = (
				4D869A721C629DF5002ACFBE /* Subtitle.swift */,
			);
			name = Model;
			sourceTree = "<group>";
		};
		54938BBDDD6C56D394437C7E /* Pods */ = {
			isa = PBXGroup;
			children = (
				68EEADF95286D34C394800BF /* Pods-Subtle.debug.xcconfig */,
				DC221EA3B77A05056D6FF04B /* Pods-Subtle.release.xcconfig */,
			);
			name = Pods;
			sourceTree = "<group>";
		};
		983AFB118EA047DA304B7C89 /* Frameworks */ = {
			isa = PBXGroup;
			children = (
				A038DE9E7C573831D6516F93 /* Pods_Subtle.framework */,
			);
			name = Frameworks;
			sourceTree = "<group>";
		};
/* End PBXGroup section */

/* Begin PBXNativeTarget section */
		4D869A5A1C629631002ACFBE /* Subtle */ = {
			isa = PBXNativeTarget;
			buildConfigurationList = 4D869A681C629631002ACFBE /* Build configuration list for PBXNativeTarget "Subtle" */;
			buildPhases = (
				879F920683A9C324D517893B /* Check Pods Manifest.lock */,
				4D869A571C629631002ACFBE /* Sources */,
				4D869A581C629631002ACFBE /* Frameworks */,
				4D869A591C629631002ACFBE /* Resources */,
				2D48B6984EE936571371CDD4 /* Embed Pods Frameworks */,
				A12EAC330B18C2E3C21E97C3 /* Copy Pods Resources */,
			);
			buildRules = (
			);
			dependencies = (
			);
			name = Subtle;
			productName = Subtle;
			productReference = 4D869A5B1C629631002ACFBE /* Subtle.app */;
			productType = "com.apple.product-type.application";
		};
/* End PBXNativeTarget section */

/* Begin PBXProject section */
		4D869A531C629631002ACFBE /* Project object */ = {
			isa = PBXProject;
			attributes = {
				LastSwiftUpdateCheck = 0720;
				LastUpgradeCheck = 0720;
				ORGANIZATIONNAME = "Miguel Molina";
				TargetAttributes = {
					4D869A5A1C629631002ACFBE = {
						CreatedOnToolsVersion = 7.2;
					};
				};
			};
			buildConfigurationList = 4D869A561C629631002ACFBE /* Build configuration list for PBXProject "Subtle" */;
			compatibilityVersion = "Xcode 3.2";
			developmentRegion = English;
			hasScannedForEncodings = 0;
			knownRegions = (
				en,
				Base,
			);
			mainGroup = 4D869A521C629631002ACFBE;
			productRefGroup = 4D869A5C1C629631002ACFBE /* Products */;
			projectDirPath = "";
			projectRoot = "";
			targets = (
				4D869A5A1C629631002ACFBE /* Subtle */,
			);
		};
/* End PBXProject section */

/* Begin PBXResourcesBuildPhase section */
		4D869A591C629631002ACFBE /* Resources */ = {
			isa = PBXResourcesBuildPhase;
			buildActionMask = 2147483647;
			files = (
				4D869A611C629631002ACFBE /* Assets.xcassets in Resources */,
				4D869A641C629631002ACFBE /* MainMenu.xib in Resources */,
				4D869A6E1C629953002ACFBE /* MasterViewController.xib in Resources */,
			);
			runOnlyForDeploymentPostprocessing = 0;
		};
/* End PBXResourcesBuildPhase section */

/* Begin PBXShellScriptBuildPhase section */
		2D48B6984EE936571371CDD4 /* Embed Pods Frameworks */ = {
			isa = PBXShellScriptBuildPhase;
			buildActionMask = 2147483647;
			files = (
			);
			inputPaths = (
			);
			name = "Embed Pods Frameworks";
			outputPaths = (
			);
			runOnlyForDeploymentPostprocessing = 0;
			shellPath = /bin/sh;
			shellScript = "\"${SRCROOT}/Pods/Target Support Files/Pods-Subtle/Pods-Subtle-frameworks.sh\"\n";
			showEnvVarsInLog = 0;
		};
		879F920683A9C324D517893B /* Check Pods Manifest.lock */ = {
			isa = PBXShellScriptBuildPhase;
			buildActionMask = 2147483647;
			files = (
			);
			inputPaths = (
			);
			name = "Check Pods Manifest.lock";
			outputPaths = (
			);
			runOnlyForDeploymentPostprocessing = 0;
			shellPath = /bin/sh;
			shellScript = "diff \"${PODS_ROOT}/../Podfile.lock\" \"${PODS_ROOT}/Manifest.lock\" > /dev/null\nif [[ $? != 0 ]] ; then\n    cat << EOM\nerror: The sandbox is not in sync with the Podfile.lock. Run 'pod install' or update your CocoaPods installation.\nEOM\n    exit 1\nfi\n";
			showEnvVarsInLog = 0;
		};
		A12EAC330B18C2E3C21E97C3 /* Copy Pods Resources */ = {
			isa = PBXShellScriptBuildPhase;
			buildActionMask = 2147483647;
			files = (
			);
			inputPaths = (
			);
			name = "Copy Pods Resources";
			outputPaths = (
			);
			runOnlyForDeploymentPostprocessing = 0;
			shellPath = /bin/sh;
			shellScript = "\"${SRCROOT}/Pods/Target Support Files/Pods-Subtle/Pods-Subtle-resources.sh\"\n";
			showEnvVarsInLog = 0;
		};
/* End PBXShellScriptBuildPhase section */

/* Begin PBXSourcesBuildPhase section */
		4D869A571C629631002ACFBE /* Sources */ = {
			isa = PBXSourcesBuildPhase;
			buildActionMask = 2147483647;
			files = (
				4D869A751C62A57B002ACFBE /* MovieDraggable.swift in Sources */,
				4D869A731C629DF5002ACFBE /* Subtitle.swift in Sources */,
				4D869A6D1C629953002ACFBE /* MasterViewController.swift in Sources */,
				4D869A5F1C629631002ACFBE /* AppDelegate.swift in Sources */,
			);
			runOnlyForDeploymentPostprocessing = 0;
		};
/* End PBXSourcesBuildPhase section */

/* Begin PBXVariantGroup section */
		4D869A621C629631002ACFBE /* MainMenu.xib */ = {
			isa = PBXVariantGroup;
			children = (
				4D869A631C629631002ACFBE /* Base */,
			);
			name = MainMenu.xib;
			sourceTree = "<group>";
		};
/* End PBXVariantGroup section */

/* Begin XCBuildConfiguration section */
		4D869A661C629631002ACFBE /* Debug */ = {
			isa = XCBuildConfiguration;
			buildSettings = {
				ALWAYS_SEARCH_USER_PATHS = NO;
				CLANG_CXX_LANGUAGE_STANDARD = "gnu++0x";
				CLANG_CXX_LIBRARY = "libc++";
				CLANG_ENABLE_MODULES = YES;
				CLANG_ENABLE_OBJC_ARC = YES;
				CLANG_WARN_BOOL_CONVERSION = YES;
				CLANG_WARN_CONSTANT_CONVERSION = YES;
				CLANG_WARN_DIRECT_OBJC_ISA_USAGE = YES_ERROR;
				CLANG_WARN_EMPTY_BODY = YES;
				CLANG_WARN_ENUM_CONVERSION = YES;
				CLANG_WARN_INT_CONVERSION = YES;
				CLANG_WARN_OBJC_ROOT_CLASS = YES_ERROR;
				CLANG_WARN_UNREACHABLE_CODE = YES;
				CLANG_WARN__DUPLICATE_METHOD_MATCH = YES;
				CODE_SIGN_IDENTITY = "-";
				COPY_PHASE_STRIP = NO;
				DEBUG_INFORMATION_FORMAT = dwarf;
				ENABLE_STRICT_OBJC_MSGSEND = YES;
				ENABLE_TESTABILITY = YES;
				GCC_C_LANGUAGE_STANDARD = gnu99;
				GCC_DYNAMIC_NO_PIC = NO;
				GCC_NO_COMMON_BLOCKS = YES;
				GCC_OPTIMIZATION_LEVEL = 0;
				GCC_PREPROCESSOR_DEFINITIONS = (
					"DEBUG=1",
					"$(inherited)",
				);
				GCC_WARN_64_TO_32_BIT_CONVERSION = YES;
				GCC_WARN_ABOUT_RETURN_TYPE = YES_ERROR;
				GCC_WARN_UNDECLARED_SELECTOR = YES;
				GCC_WARN_UNINITIALIZED_AUTOS = YES_AGGRESSIVE;
				GCC_WARN_UNUSED_FUNCTION = YES;
				GCC_WARN_UNUSED_VARIABLE = YES;
				MACOSX_DEPLOYMENT_TARGET = 10.11;
				MTL_ENABLE_DEBUG_INFO = YES;
				ONLY_ACTIVE_ARCH = YES;
				SDKROOT = macosx;
				SWIFT_OPTIMIZATION_LEVEL = "-Onone";
			};
			name = Debug;
		};
		4D869A671C629631002ACFBE /* Release */ = {
			isa = XCBuildConfiguration;
			buildSettings = {
				ALWAYS_SEARCH_USER_PATHS = NO;
				CLANG_CXX_LANGUAGE_STANDARD = "gnu++0x";
				CLANG_CXX_LIBRARY = "libc++";
				CLANG_ENABLE_MODULES = YES;
				CLANG_ENABLE_OBJC_ARC = YES;
				CLANG_WARN_BOOL_CONVERSION = YES;
				CLANG_WARN_CONSTANT_CONVERSION = YES;
				CLANG_WARN_DIRECT_OBJC_ISA_USAGE = YES_ERROR;
				CLANG_WARN_EMPTY_BODY = YES;
				CLANG_WARN_ENUM_CONVERSION = YES;
				CLANG_WARN_INT_CONVERSION = YES;
				CLANG_WARN_OBJC_ROOT_CLASS = YES_ERROR;
				CLANG_WARN_UNREACHABLE_CODE = YES;
				CLANG_WARN__DUPLICATE_METHOD_MATCH = YES;
				CODE_SIGN_IDENTITY = "-";
				COPY_PHASE_STRIP = NO;
				DEBUG_INFORMATION_FORMAT = "dwarf-with-dsym";
				ENABLE_NS_ASSERTIONS = NO;
				ENABLE_STRICT_OBJC_MSGSEND = YES;
				GCC_C_LANGUAGE_STANDARD = gnu99;
				GCC_NO_COMMON_BLOCKS = YES;
				GCC_WARN_64_TO_32_BIT_CONVERSION = YES;
				GCC_WARN_ABOUT_RETURN_TYPE = YES_ERROR;
				GCC_WARN_UNDECLARED_SELECTOR = YES;
				GCC_WARN_UNINITIALIZED_AUTOS = YES_AGGRESSIVE;
				GCC_WARN_UNUSED_FUNCTION = YES;
				GCC_WARN_UNUSED_VARIABLE = YES;
				MACOSX_DEPLOYMENT_TARGET = 10.11;
				MTL_ENABLE_DEBUG_INFO = NO;
				SDKROOT = macosx;
			};
			name = Release;
		};
		4D869A691C629631002ACFBE /* Debug */ = {
			isa = XCBuildConfiguration;
			baseConfigurationReference = 68EEADF95286D34C394800BF /* Pods-Subtle.debug.xcconfig */;
			buildSettings = {
				ASSETCATALOG_COMPILER_APPICON_NAME = AppIcon;
				COMBINE_HIDPI_IMAGES = YES;
				INFOPLIST_FILE = Subtle/Info.plist;
				LD_RUNPATH_SEARCH_PATHS = "$(inherited) @executable_path/../Frameworks";
				PRODUCT_BUNDLE_IDENTIFIER = me.mvader.subtle.Subtle;
				PRODUCT_NAME = "$(TARGET_NAME)";
			};
			name = Debug;
		};
		4D869A6A1C629631002ACFBE /* Release */ = {
			isa = XCBuildConfiguration;
			baseConfigurationReference = DC221EA3B77A05056D6FF04B /* Pods-Subtle.release.xcconfig */;
			buildSettings = {
				ASSETCATALOG_COMPILER_APPICON_NAME = AppIcon;
				COMBINE_HIDPI_IMAGES = YES;
				INFOPLIST_FILE = Subtle/Info.plist;
				LD_RUNPATH_SEARCH_PATHS = "$(inherited) @executable_path/../Frameworks";
				PRODUCT_BUNDLE_IDENTIFIER = me.mvader.subtle.Subtle;
				PRODUCT_NAME = "$(TARGET_NAME)";
			};
			name = Release;
		};
/* End XCBuildConfiguration section */

/* Begin XCConfigurationList section */
		4D869A561C629631002ACFBE /* Build configuration list for PBXProject "Subtle" */ = {
			isa = XCConfigurationList;
			buildConfigurations = (
				4D869A661C629631002ACFBE /* Debug */,
				4D869A671C629631002ACFBE /* Release */,
			);
			defaultConfigurationIsVisible = 0;
			defaultConfigurationName = Release;
		};
		4D869A681C629631002ACFBE /* Build configuration list for PBXNativeTarget "Subtle" */ = {
			isa = XCConfigurationList;
			buildConfigurations = (
				4D869A691C629631002ACFBE /* Debug */,
				4D869A6A1C629631002ACFBE /* Release */,
			);
			defaultConfigurationIsVisible = 0;
			defaultConfigurationName = Release;
		};
/* End XCConfigurationList section */
	};
	rootObject = 4D869A531C629631002ACFBE /* Project object */;
}
